
Microsoft Visual Studio Solution File, Format Version 12.00
# Visual Studio Version 16
VisualStudioVersion = 16.0.32428.217
MinimumVisualStudioVersion = 10.0.40219.1
Project("{9A19103F-16F7-4668-BE54-9A1E7A4F7556}") = "P01.HelloSoftUni", "P01.HelloSoftUni\P01.HelloSoftUni.csproj", "{DAB57057-8B03-4773-9585-05EB372CFE01}"
EndProject
Project("{9A19103F-16F7-4668-BE54-9A1E7A4F7556}") = "P.02.TextAndNumbers", "P.02.TextAndNumbers\P.02.TextAndNumbers.csproj", "{D6D66009-CB5A-476B-BB70-75CBE45AA9DD}"
EndProject
Project("{9A19103F-16F7-4668-BE54-9A1E7A4F7556}") = "P.03.Exercise", "P.03.Exercise\P.03.Exercise.csproj", "{C7B672F9-AFDF-4C9E-B4C4-C89EADA24241}"
EndProject
Project("{9A19103F-16F7-4668-BE54-9A1E7A4F7556}") = "P.04.ExcellentResult", "P.04.ExcellentResult\P.04.ExcellentResult.csproj", "{CA3FA4BC-88DE-46A6-9B52-070391F39658}"
EndProject
Project("{9A19103F-16F7-4668-BE54-9A1E7A4F7556}") = "P.05.IfConstructionsExercise", "P.05.IfConstructions\P.05.IfConstructionsExercise.csproj", "{FDB16EAE-B0EE-437C-A653-B950EC145C82}"
EndProject
Project("{9A19103F-16F7-4668-BE54-9A1E7A4F7556}") = "P.06.ExerciseSix", "P.06.ExerciseSix\P.06.ExerciseSix.csproj", "{94FF05A5-811A-454A-9C75-F300A908C563}"
EndProject
Project("{9A19103F-16F7-4668-BE54-9A1E7A4F7556}") = "P.07.Pipeline", "P.07.Pipeline\P.07.Pipeline.csproj", "{DD82FE54-7306-443C-9FD3-3A01C61F6141}"
EndProject
Project("{9A19103F-16F7-4668-BE54-9A1E7A4F7556}") = "P.08.DayOfTheWeek", "P.08.DayOfTheWeek\P.08.DayOfTheWeek.csproj", "{96FB16BC-DABA-406A-8F50-905AA0648ACE}"
EndProject
Project("{9A19103F-16F7-4668-BE54-9A1E7A4F7556}") = "P.09.Cinema", "P.09.Cinema\P.09.Cinema.csproj", "{B9FC0508-F41E-4D44-893C-7D63EB278009}"
EndProject
Project("{2150E333-8FDC-42A3-9474-1A3956D46DE8}") = "MixExams", "MixExams", "{71CED4C9-41E8-4C7E-9F1C-43BE66978DE7}"
EndProject
Project("{2150E333-8FDC-42A3-9474-1A3956D46DE8}") = "Exam 3", "Exam 3", "{33A0B215-5BD2-4173-BC58-B6CF2303E128}"
EndProject
Project("{9A19103F-16F7-4668-BE54-9A1E7A4F7556}") = "P.08.OnTimeForExam", "P.08.OnTimeForExam\P.08.OnTimeForExam.csproj", "{91EDBD74-EA80-49BA-AE47-9A5A2A7FE0BE}"
EndProject
Project("{9A19103F-16F7-4668-BE54-9A1E7A4F7556}") = "P.09.SkiTrip", "P.09.SkiTrip\P.09.SkiTrip.csproj", "{2DAEB3AD-FBD4-4645-8856-2DA49A540A48}"
EndProject
Project("{2150E333-8FDC-42A3-9474-1A3956D46DE8}") = "Conditions More Exams", "Conditions More Exams", "{93AD1AC1-E29C-4F25-BFD3-09D34789319E}"
EndProject
Project("{9A19103F-16F7-4668-BE54-9A1E7A4F7556}") = "P.03.Harvest", "P.03.Harvest\P.03.Harvest.csproj", "{7C9C083A-B121-42A6-9656-F75C9BD21B1E}"
EndProject
Project("{2150E333-8FDC-42A3-9474-1A3956D46DE8}") = "Lab 4", "Lab 4", "{05932FE0-0094-45A3-97F4-FA0C93AFA3B5}"
EndProject
Project("{9A19103F-16F7-4668-BE54-9A1E7A4F7556}") = "P.01.Numbers1To100", "P.01.Numbers1To100\P.01.Numbers1To100.csproj", "{F8C55C4B-6E0C-4868-853D-4AF1E0B5AAE0}"
EndProject
Project("{9A19103F-16F7-4668-BE54-9A1E7A4F7556}") = "P.02.NumbersNTo1", "P.02.NumbersNTo1\P.02.NumbersNTo1.csproj", "{E12EDE6A-B3A1-43DB-AB5A-282F1994D4B2}"
EndProject
Project("{9A19103F-16F7-4668-BE54-9A1E7A4F7556}") = "P.03.Numbers1ToNIncr3", "P.03.Numbers1ToNIncr3\P.03.Numbers1ToNIncr3.csproj", "{3AE9AEB9-B2E7-4A19-884E-127138749AFB}"
EndProject
Project("{9A19103F-16F7-4668-BE54-9A1E7A4F7556}") = "P.04.EvenPowersOf2", "P.04.EvenPowersOf2\P.04.EvenPowersOf2.csproj", "{E8EA0F3A-43B2-496B-8D65-1B7C9424B8F9}"
EndProject
Project("{9A19103F-16F7-4668-BE54-9A1E7A4F7556}") = "P.05.CharacterSequence", "P.05.CharacterSequence\P.05.CharacterSequence.csproj", "{0EE30647-4915-45A6-A30F-55421373B4AB}"
EndProject
Project("{9A19103F-16F7-4668-BE54-9A1E7A4F7556}") = "P.07.SumNumbers", "P.07.SumNumbers\P.07.SumNumbers.csproj", "{9ACD30AB-55E0-42A5-91A8-AD648C5429F0}"
EndProject
Project("{9A19103F-16F7-4668-BE54-9A1E7A4F7556}") = "P.08.NumberSequence", "P.08.NumberSequence\P.08.NumberSequence.csproj", "{16DA0BA4-538C-4FD9-B905-198058CC8DA2}"
EndProject
Project("{9A19103F-16F7-4668-BE54-9A1E7A4F7556}") = "P.09.LeftAndRightSum", "P.09.LeftAndRightSum\P.09.LeftAndRightSum.csproj", "{8F4DC794-6646-4687-A440-87ACE58E3236}"
EndProject
Project("{9A19103F-16F7-4668-BE54-9A1E7A4F7556}") = "P.10.OddEvenSum", "P.10.OddEvenSum\P.10.OddEvenSum.csproj", "{20DA8972-DE27-4156-B100-A583DFDE44DF}"
EndProject
Project("{2150E333-8FDC-42A3-9474-1A3956D46DE8}") = "Exam4", "Exam4", "{41853955-52E5-4FDE-A4FC-00E2CA2D3D5A}"
EndProject
Project("{9A19103F-16F7-4668-BE54-9A1E7A4F7556}") = "P.01.NumbersEndingIn7", "P.01.NumbersEndingIn7\P.01.NumbersEndingIn7.csproj", "{2A7A42D5-42E8-4DED-B4F4-20D4EBAD20E2}"
EndProject
Project("{9A19103F-16F7-4668-BE54-9A1E7A4F7556}") = "P.04.CleverLily", "P.04.CleverLily\P.04.CleverLily.csproj", "{4290605B-22D4-4EB3-87AC-0A5BED2392BC}"
EndProject
Project("{9A19103F-16F7-4668-BE54-9A1E7A4F7556}") = "P.05.Salary", "P.05.Salary\P.05.Salary.csproj", "{0500A995-FD71-45EA-998F-76A8BDA4793A}"
EndProject
Project("{9A19103F-16F7-4668-BE54-9A1E7A4F7556}") = "P.02.HalfSumElement", "P.02.HalfSumElement\P.02.HalfSumElement.csproj", "{F037A2B9-0278-4D34-943D-58FD174094F5}"
EndProject
Project("{9A19103F-16F7-4668-BE54-9A1E7A4F7556}") = "P.03.Histogram", "P.03.Histogram\P.03.Histogram.csproj", "{F16FCFD8-D20A-4BD5-96B3-761E29D7130F}"
EndProject
Project("{9A19103F-16F7-4668-BE54-9A1E7A4F7556}") = "P.07.TrekkingMania", "P.07.TrekkingMania\P.07.TrekkingMania.csproj", "{9FD332EE-56CD-49E9-9491-D118F9129B98}"
EndProject
Project("{9A19103F-16F7-4668-BE54-9A1E7A4F7556}") = "P.08.TennisRanklist", "P.08.TennisRanklist\P.08.TennisRanklist.csproj", "{CBC495C1-5C7E-4E58-ADB0-AB7C916767C5}"
EndProject
Project("{9A19103F-16F7-4668-BE54-9A1E7A4F7556}") = "P.06.Oscars", "P.06.Oscars\P.06.Oscars.csproj", "{A9CB6B28-C02F-4B60-AE01-28280CA2A702}"
EndProject
Project("{2150E333-8FDC-42A3-9474-1A3956D46DE8}") = "Lab5", "Lab5", "{530AD71E-D1AA-4E55-A69B-D2EE0F5BC142}"
EndProject
Project("{9A19103F-16F7-4668-BE54-9A1E7A4F7556}") = "P.01.ReadText", "P.01.ReadText\P.01.ReadText.csproj", "{93DA33F2-7D95-4AE0-B16D-C71D92DF502A}"
EndProject
Project("{9A19103F-16F7-4668-BE54-9A1E7A4F7556}") = "P.02.Password", "P.02.Password\P.02.Password.csproj", "{9E94B771-1E83-4856-9242-110866B3CD51}"
EndProject
Project("{9A19103F-16F7-4668-BE54-9A1E7A4F7556}") = "P.03.SumNumbers", "P.03.SumNumbers\P.03.SumNumbers.csproj", "{A51EB4FC-11C3-46FA-AADC-58A01863F083}"
EndProject
Project("{9A19103F-16F7-4668-BE54-9A1E7A4F7556}") = "P.04.Sequence2kPlus1", "P.04.Sequence2kPlus1\P.04.Sequence2kPlus1.csproj", "{B19E5C66-B050-4F37-8FA7-7669AF96303A}"
EndProject
Project("{9A19103F-16F7-4668-BE54-9A1E7A4F7556}") = "P.05.AccountBalance", "P.05.AccountBalance\P.05.AccountBalance.csproj", "{3BD4AD4D-A32D-4194-80D1-1E02AA02F82C}"
EndProject
Project("{9A19103F-16F7-4668-BE54-9A1E7A4F7556}") = "P.06.MaxNumber", "P.06.MaxNumber\P.06.MaxNumber.csproj", "{2CD412D2-C56B-4F51-B566-801F7E42F9AF}"
EndProject
Project("{9A19103F-16F7-4668-BE54-9A1E7A4F7556}") = "P.07.MinNumber", "P.07.MinNumber\P.07.MinNumber.csproj", "{FF6D9525-FC9D-4DDE-BE54-CADB16E47F16}"
EndProject
Project("{9A19103F-16F7-4668-BE54-9A1E7A4F7556}") = "P.08.Graduation", "P.08.Graduation\P.08.Graduation.csproj", "{2BFDA3D4-D5F1-4FFF-83D7-CBFA286B8A15}"
EndProject
Project("{2150E333-8FDC-42A3-9474-1A3956D46DE8}") = "Exam5", "Exam5", "{2354CDC1-17AA-45CE-AAB7-4BFDDB451930}"
EndProject
Project("{9A19103F-16F7-4668-BE54-9A1E7A4F7556}") = "P.04.Walking", "P.04.Steps\P.04.Walking.csproj", "{A7D0F2B9-2E51-4FDF-A20A-99842DE0E57B}"
EndProject
Project("{9A19103F-16F7-4668-BE54-9A1E7A4F7556}") = "P.01.OldBooks", "P.01.OldBooks\P.01.OldBooks.csproj", "{11A83563-10D8-4BB1-8FE5-7F18A8BBCAB7}"
EndProject
Project("{9A19103F-16F7-4668-BE54-9A1E7A4F7556}") = "P.05.Coins", "P.05.Coins\P.05.Coins.csproj", "{1A6C4BC1-C146-4BA1-AE3C-6E9EA1193572}"
EndProject
Project("{9A19103F-16F7-4668-BE54-9A1E7A4F7556}") = "P.06.Cake", "P.06.Cake\P.06.Cake.csproj", "{706FFE53-25DF-483A-B391-C813D1E56DDD}"
EndProject
Project("{9A19103F-16F7-4668-BE54-9A1E7A4F7556}") = "P.07.Moving", "P.07.Moving\P.07.Moving.csproj", "{84A46B6C-2018-43B9-B964-E00A297A4A63}"
EndProject
Project("{9A19103F-16F7-4668-BE54-9A1E7A4F7556}") = "P.02.Exam.Preparation", "P.02.Exam.Preparation\P.02.Exam.Preparation.csproj", "{40D442ED-F053-454C-A673-F5ED5D420864}"
EndProject
Project("{9A19103F-16F7-4668-BE54-9A1E7A4F7556}") = "P.03.Vacation", "P.03.Vacation\P.03.Vacation.csproj", "{393125CD-D3BD-4934-A15F-001E833262ED}"
EndProject
Project("{2150E333-8FDC-42A3-9474-1A3956D46DE8}") = "Lab6", "Lab6", "{91DC3C60-D789-42A0-9C5A-7655B00BAFC4}"
EndProject
Project("{9A19103F-16F7-4668-BE54-9A1E7A4F7556}") = "P.01.Clock", "P.01.Clock\P.01.Clock.csproj", "{0712C421-76C0-4B9B-BE62-B358E3F71522}"
EndProject
Project("{9A19103F-16F7-4668-BE54-9A1E7A4F7556}") = "P.02.MultiplicationTable", "P.02.MultiplicationTable\P.02.MultiplicationTable.csproj", "{9AC8E986-1798-4543-8FE8-24933C8FDC38}"
EndProject
Project("{9A19103F-16F7-4668-BE54-9A1E7A4F7556}") = "P.03.Combinations", "P.03.Combinations\P.03.Combinations.csproj", "{9A23F07F-8F34-4C11-9130-604E08AA6AF6}"
EndProject
Project("{9A19103F-16F7-4668-BE54-9A1E7A4F7556}") = "P.04.SumOfTwoNumbers", "P.04.SumOfTwoNumbers\P.04.SumOfTwoNumbers.csproj", "{930C059D-B69D-4C6D-9C2C-06AF585EB6FE}"
EndProject
Project("{9A19103F-16F7-4668-BE54-9A1E7A4F7556}") = "P.05.Travelling", "P.05.Travelling\P.05.Travelling.csproj", "{CA9C84AB-062C-471A-92F5-CE082EDDEC45}"
EndProject
Project("{9A19103F-16F7-4668-BE54-9A1E7A4F7556}") = "P.06.Building", "P.06.Building\P.06.Building.csproj", "{B0E7DD1A-154E-4D7B-8E5C-84783C650503}"
EndProject
Project("{FAE04EC0-301F-11D3-BF4B-00C04F79EFBC}") = "P.14.PasswordGenerator", "P.14.PasswordGenerator\P.14.PasswordGenerator.csproj", "{C8AE4DB9-4E57-46E8-8243-8E5D86F82155}"
EndProject
Project("{2150E333-8FDC-42A3-9474-1A3956D46DE8}") = "Exam6", "Exam6", "{F06D1F6F-83C7-4663-9C8A-071C2197D6F5}"
EndProject
Project("{FAE04EC0-301F-11D3-BF4B-00C04F79EFBC}") = "P.01.NumberPyramid", "P.01.NumberPyramid\P.01.NumberPyramid.csproj", "{B4617716-3AE9-4956-AA96-806CACF2580F}"
EndProject
Project("{FAE04EC0-301F-11D3-BF4B-00C04F79EFBC}") = "P.02.EqualSumsEvenOddPosition", "P.02.EqualSumsEvenOddPosition\P.02.EqualSumsEvenOddPosition.csproj", "{9B8FCD2F-2A20-4EF2-8A37-F3A590B21404}"
EndProject
Project("{FAE04EC0-301F-11D3-BF4B-00C04F79EFBC}") = "P.03.SumPrimeNonPrime", "P.03.SumPrimeNonPrime\P.03.SumPrimeNonPrime.csproj", "{E87E401B-2A1E-4388-8F84-6747D57A6D78}"
EndProject
Project("{FAE04EC0-301F-11D3-BF4B-00C04F79EFBC}") = "P.04.TrainTheTrainers", "P.04.TrainTheTrainers\P.04.TrainTheTrainers.csproj", "{1E54E41B-AFB0-4452-9E45-B2E62A4ECF22}"
EndProject
Project("{FAE04EC0-301F-11D3-BF4B-00C04F79EFBC}") = "P.05.SpecialNumbers", "P.05.SpecialNumbers\P.05.SpecialNumbers.csproj", "{00623BC2-18F1-41FF-BEB6-B9BAB576E95C}"
EndProject
Project("{FAE04EC0-301F-11D3-BF4B-00C04F79EFBC}") = "P.06.CinemaTickets", "P.06.CinemaTickets\P.06.CinemaTickets.csproj", "{4A74028B-4680-4B1A-9CC6-FD0C12650A70}"
EndProject
Project("{2150E333-8FDC-42A3-9474-1A3956D46DE8}") = "ExamPreparation", "ExamPreparation", "{94ECD0AD-A1E5-45E6-AD1B-13D6387627C4}"
EndProject
Project("{FAE04EC0-301F-11D3-BF4B-00C04F79EFBC}") = "P.01.SeriesCalculator", "P.01.SeriesCalculator\P.01.SeriesCalculator.csproj", "{23E81414-653F-4FA1-988E-6E0DB582AFD7}"
EndProject
Project("{FAE04EC0-301F-11D3-BF4B-00C04F79EFBC}") = "P.02.Skeleton", "P.02.Skeleton\P.02.Skeleton.csproj", "{79C3B9C1-2BEF-41C9-8F69-9D18CA3E21AC}"
EndProject
Project("{FAE04EC0-301F-11D3-BF4B-00C04F79EFBC}") = "P.03.PaintingEggs", "P.03.PaintingEggs\P.03.PaintingEggs.csproj", "{A6EB9205-F57F-4B8A-A61A-A6D7522D742E}"
EndProject
Project("{FAE04EC0-301F-11D3-BF4B-00C04F79EFBC}") = "P.04.Balls", "P.04.Balls\P.04.Balls.csproj", "{B339445E-F998-4CC6-B034-C8FB8B708A68}"
EndProject
Project("{FAE04EC0-301F-11D3-BF4B-00C04F79EFBC}") = "P.05.CareOfPuppy", "P.05.CareOfPuppy\P.05.CareOfPuppy.csproj", "{3C15485E-D5B2-4ED1-BAF8-E5EFB173BC7B}"
EndProject
Project("{FAE04EC0-301F-11D3-BF4B-00C04F79EFBC}") = "P.06.EasterCompetition", "P.06.EasterCompetition\P.06.EasterCompetition.csproj", "{D56473E7-88E6-46BC-ADB8-CA76904C565B}"
EndProject
Project("{2150E333-8FDC-42A3-9474-1A3956D46DE8}") = "ThePreExam", "ThePreExam", "{316DD685-40F7-4C77-B3F5-EC11E8CF13E7}"
EndProject
Project("{FAE04EC0-301F-11D3-BF4B-00C04F79EFBC}") = "P.01.PCStore", "P.01.PCStore\P.01.PCStore.csproj", "{969F28FC-33AB-4312-A433-D58CD568B0B0}"
EndProject
Project("{FAE04EC0-301F-11D3-BF4B-00C04F79EFBC}") = "P.02.DeerOfSanta", "P.02.DeerOfSanta\P.02.DeerOfSanta.csproj", "{822B6EB7-3A40-4CD1-AC8E-3CFD1FF6E23B}"
EndProject
Project("{FAE04EC0-301F-11D3-BF4B-00C04F79EFBC}") = "P.03.FinalCompetition", "P.03.FinalCompetition\P.03.FinalCompetition.csproj", "{362E8AB5-51B2-47D7-839B-89BB99909985}"
EndProject
Project("{FAE04EC0-301F-11D3-BF4B-00C04F79EFBC}") = "P.04.ComputerFirm", "P.04.ComputerFirm\P.04.ComputerFirm.csproj", "{850DCDFB-55F2-45E5-9B18-061EBE542E4F}"
EndProject
Project("{FAE04EC0-301F-11D3-BF4B-00C04F79EFBC}") = "P.05.BestPlayer", "P.05.BestPlayer\P.05.BestPlayer.csproj", "{BEE0834A-C985-41A0-84A0-D2A09B5FDC4B}"
EndProject
Project("{FAE04EC0-301F-11D3-BF4B-00C04F79EFBC}") = "P.06.Substitute", "P.06.Substitute\P.06.Substitute.csproj", "{EC24A1E5-B115-41EC-AD5D-873B3DA4B113}"
EndProject
Global
	GlobalSection(SolutionConfigurationPlatforms) = preSolution
		Debug|Any CPU = Debug|Any CPU
		Release|Any CPU = Release|Any CPU
	EndGlobalSection
	GlobalSection(ProjectConfigurationPlatforms) = postSolution
		{DAB57057-8B03-4773-9585-05EB372CFE01}.Debug|Any CPU.ActiveCfg = Debug|Any CPU
		{DAB57057-8B03-4773-9585-05EB372CFE01}.Debug|Any CPU.Build.0 = Debug|Any CPU
		{DAB57057-8B03-4773-9585-05EB372CFE01}.Release|Any CPU.ActiveCfg = Release|Any CPU
		{DAB57057-8B03-4773-9585-05EB372CFE01}.Release|Any CPU.Build.0 = Release|Any CPU
		{D6D66009-CB5A-476B-BB70-75CBE45AA9DD}.Debug|Any CPU.ActiveCfg = Debug|Any CPU
		{D6D66009-CB5A-476B-BB70-75CBE45AA9DD}.Debug|Any CPU.Build.0 = Debug|Any CPU
		{D6D66009-CB5A-476B-BB70-75CBE45AA9DD}.Release|Any CPU.ActiveCfg = Release|Any CPU
		{D6D66009-CB5A-476B-BB70-75CBE45AA9DD}.Release|Any CPU.Build.0 = Release|Any CPU
		{C7B672F9-AFDF-4C9E-B4C4-C89EADA24241}.Debug|Any CPU.ActiveCfg = Debug|Any CPU
		{C7B672F9-AFDF-4C9E-B4C4-C89EADA24241}.Debug|Any CPU.Build.0 = Debug|Any CPU
		{C7B672F9-AFDF-4C9E-B4C4-C89EADA24241}.Release|Any CPU.ActiveCfg = Release|Any CPU
		{C7B672F9-AFDF-4C9E-B4C4-C89EADA24241}.Release|Any CPU.Build.0 = Release|Any CPU
		{CA3FA4BC-88DE-46A6-9B52-070391F39658}.Debug|Any CPU.ActiveCfg = Debug|Any CPU
		{CA3FA4BC-88DE-46A6-9B52-070391F39658}.Debug|Any CPU.Build.0 = Debug|Any CPU
		{CA3FA4BC-88DE-46A6-9B52-070391F39658}.Release|Any CPU.ActiveCfg = Release|Any CPU
		{CA3FA4BC-88DE-46A6-9B52-070391F39658}.Release|Any CPU.Build.0 = Release|Any CPU
		{FDB16EAE-B0EE-437C-A653-B950EC145C82}.Debug|Any CPU.ActiveCfg = Debug|Any CPU
		{FDB16EAE-B0EE-437C-A653-B950EC145C82}.Debug|Any CPU.Build.0 = Debug|Any CPU
		{FDB16EAE-B0EE-437C-A653-B950EC145C82}.Release|Any CPU.ActiveCfg = Release|Any CPU
		{FDB16EAE-B0EE-437C-A653-B950EC145C82}.Release|Any CPU.Build.0 = Release|Any CPU
		{94FF05A5-811A-454A-9C75-F300A908C563}.Debug|Any CPU.ActiveCfg = Debug|Any CPU
		{94FF05A5-811A-454A-9C75-F300A908C563}.Debug|Any CPU.Build.0 = Debug|Any CPU
		{94FF05A5-811A-454A-9C75-F300A908C563}.Release|Any CPU.ActiveCfg = Release|Any CPU
		{94FF05A5-811A-454A-9C75-F300A908C563}.Release|Any CPU.Build.0 = Release|Any CPU
		{DD82FE54-7306-443C-9FD3-3A01C61F6141}.Debug|Any CPU.ActiveCfg = Debug|Any CPU
		{DD82FE54-7306-443C-9FD3-3A01C61F6141}.Debug|Any CPU.Build.0 = Debug|Any CPU
		{DD82FE54-7306-443C-9FD3-3A01C61F6141}.Release|Any CPU.ActiveCfg = Release|Any CPU
		{DD82FE54-7306-443C-9FD3-3A01C61F6141}.Release|Any CPU.Build.0 = Release|Any CPU
		{96FB16BC-DABA-406A-8F50-905AA0648ACE}.Debug|Any CPU.ActiveCfg = Debug|Any CPU
		{96FB16BC-DABA-406A-8F50-905AA0648ACE}.Debug|Any CPU.Build.0 = Debug|Any CPU
		{96FB16BC-DABA-406A-8F50-905AA0648ACE}.Release|Any CPU.ActiveCfg = Release|Any CPU
		{96FB16BC-DABA-406A-8F50-905AA0648ACE}.Release|Any CPU.Build.0 = Release|Any CPU
		{B9FC0508-F41E-4D44-893C-7D63EB278009}.Debug|Any CPU.ActiveCfg = Debug|Any CPU
		{B9FC0508-F41E-4D44-893C-7D63EB278009}.Debug|Any CPU.Build.0 = Debug|Any CPU
		{B9FC0508-F41E-4D44-893C-7D63EB278009}.Release|Any CPU.ActiveCfg = Release|Any CPU
		{B9FC0508-F41E-4D44-893C-7D63EB278009}.Release|Any CPU.Build.0 = Release|Any CPU
		{91EDBD74-EA80-49BA-AE47-9A5A2A7FE0BE}.Debug|Any CPU.ActiveCfg = Debug|Any CPU
		{91EDBD74-EA80-49BA-AE47-9A5A2A7FE0BE}.Debug|Any CPU.Build.0 = Debug|Any CPU
		{91EDBD74-EA80-49BA-AE47-9A5A2A7FE0BE}.Release|Any CPU.ActiveCfg = Release|Any CPU
		{91EDBD74-EA80-49BA-AE47-9A5A2A7FE0BE}.Release|Any CPU.Build.0 = Release|Any CPU
		{2DAEB3AD-FBD4-4645-8856-2DA49A540A48}.Debug|Any CPU.ActiveCfg = Debug|Any CPU
		{2DAEB3AD-FBD4-4645-8856-2DA49A540A48}.Debug|Any CPU.Build.0 = Debug|Any CPU
		{2DAEB3AD-FBD4-4645-8856-2DA49A540A48}.Release|Any CPU.ActiveCfg = Release|Any CPU
		{2DAEB3AD-FBD4-4645-8856-2DA49A540A48}.Release|Any CPU.Build.0 = Release|Any CPU
		{7C9C083A-B121-42A6-9656-F75C9BD21B1E}.Debug|Any CPU.ActiveCfg = Debug|Any CPU
		{7C9C083A-B121-42A6-9656-F75C9BD21B1E}.Debug|Any CPU.Build.0 = Debug|Any CPU
		{7C9C083A-B121-42A6-9656-F75C9BD21B1E}.Release|Any CPU.ActiveCfg = Release|Any CPU
		{7C9C083A-B121-42A6-9656-F75C9BD21B1E}.Release|Any CPU.Build.0 = Release|Any CPU
		{F8C55C4B-6E0C-4868-853D-4AF1E0B5AAE0}.Debug|Any CPU.ActiveCfg = Debug|Any CPU
		{F8C55C4B-6E0C-4868-853D-4AF1E0B5AAE0}.Debug|Any CPU.Build.0 = Debug|Any CPU
		{F8C55C4B-6E0C-4868-853D-4AF1E0B5AAE0}.Release|Any CPU.ActiveCfg = Release|Any CPU
		{F8C55C4B-6E0C-4868-853D-4AF1E0B5AAE0}.Release|Any CPU.Build.0 = Release|Any CPU
		{E12EDE6A-B3A1-43DB-AB5A-282F1994D4B2}.Debug|Any CPU.ActiveCfg = Debug|Any CPU
		{E12EDE6A-B3A1-43DB-AB5A-282F1994D4B2}.Debug|Any CPU.Build.0 = Debug|Any CPU
		{E12EDE6A-B3A1-43DB-AB5A-282F1994D4B2}.Release|Any CPU.ActiveCfg = Release|Any CPU
		{E12EDE6A-B3A1-43DB-AB5A-282F1994D4B2}.Release|Any CPU.Build.0 = Release|Any CPU
		{3AE9AEB9-B2E7-4A19-884E-127138749AFB}.Debug|Any CPU.ActiveCfg = Debug|Any CPU
		{3AE9AEB9-B2E7-4A19-884E-127138749AFB}.Debug|Any CPU.Build.0 = Debug|Any CPU
		{3AE9AEB9-B2E7-4A19-884E-127138749AFB}.Release|Any CPU.ActiveCfg = Release|Any CPU
		{3AE9AEB9-B2E7-4A19-884E-127138749AFB}.Release|Any CPU.Build.0 = Release|Any CPU
		{E8EA0F3A-43B2-496B-8D65-1B7C9424B8F9}.Debug|Any CPU.ActiveCfg = Debug|Any CPU
		{E8EA0F3A-43B2-496B-8D65-1B7C9424B8F9}.Debug|Any CPU.Build.0 = Debug|Any CPU
		{E8EA0F3A-43B2-496B-8D65-1B7C9424B8F9}.Release|Any CPU.ActiveCfg = Release|Any CPU
		{E8EA0F3A-43B2-496B-8D65-1B7C9424B8F9}.Release|Any CPU.Build.0 = Release|Any CPU
		{0EE30647-4915-45A6-A30F-55421373B4AB}.Debug|Any CPU.ActiveCfg = Debug|Any CPU
		{0EE30647-4915-45A6-A30F-55421373B4AB}.Debug|Any CPU.Build.0 = Debug|Any CPU
		{0EE30647-4915-45A6-A30F-55421373B4AB}.Release|Any CPU.ActiveCfg = Release|Any CPU
		{0EE30647-4915-45A6-A30F-55421373B4AB}.Release|Any CPU.Build.0 = Release|Any CPU
		{9ACD30AB-55E0-42A5-91A8-AD648C5429F0}.Debug|Any CPU.ActiveCfg = Debug|Any CPU
		{9ACD30AB-55E0-42A5-91A8-AD648C5429F0}.Debug|Any CPU.Build.0 = Debug|Any CPU
		{9ACD30AB-55E0-42A5-91A8-AD648C5429F0}.Release|Any CPU.ActiveCfg = Release|Any CPU
		{9ACD30AB-55E0-42A5-91A8-AD648C5429F0}.Release|Any CPU.Build.0 = Release|Any CPU
		{16DA0BA4-538C-4FD9-B905-198058CC8DA2}.Debug|Any CPU.ActiveCfg = Debug|Any CPU
		{16DA0BA4-538C-4FD9-B905-198058CC8DA2}.Debug|Any CPU.Build.0 = Debug|Any CPU
		{16DA0BA4-538C-4FD9-B905-198058CC8DA2}.Release|Any CPU.ActiveCfg = Release|Any CPU
		{16DA0BA4-538C-4FD9-B905-198058CC8DA2}.Release|Any CPU.Build.0 = Release|Any CPU
		{8F4DC794-6646-4687-A440-87ACE58E3236}.Debug|Any CPU.ActiveCfg = Debug|Any CPU
		{8F4DC794-6646-4687-A440-87ACE58E3236}.Debug|Any CPU.Build.0 = Debug|Any CPU
		{8F4DC794-6646-4687-A440-87ACE58E3236}.Release|Any CPU.ActiveCfg = Release|Any CPU
		{8F4DC794-6646-4687-A440-87ACE58E3236}.Release|Any CPU.Build.0 = Release|Any CPU
		{20DA8972-DE27-4156-B100-A583DFDE44DF}.Debug|Any CPU.ActiveCfg = Debug|Any CPU
		{20DA8972-DE27-4156-B100-A583DFDE44DF}.Debug|Any CPU.Build.0 = Debug|Any CPU
		{20DA8972-DE27-4156-B100-A583DFDE44DF}.Release|Any CPU.ActiveCfg = Release|Any CPU
		{20DA8972-DE27-4156-B100-A583DFDE44DF}.Release|Any CPU.Build.0 = Release|Any CPU
		{2A7A42D5-42E8-4DED-B4F4-20D4EBAD20E2}.Debug|Any CPU.ActiveCfg = Debug|Any CPU
		{2A7A42D5-42E8-4DED-B4F4-20D4EBAD20E2}.Debug|Any CPU.Build.0 = Debug|Any CPU
		{2A7A42D5-42E8-4DED-B4F4-20D4EBAD20E2}.Release|Any CPU.ActiveCfg = Release|Any CPU
		{2A7A42D5-42E8-4DED-B4F4-20D4EBAD20E2}.Release|Any CPU.Build.0 = Release|Any CPU
		{4290605B-22D4-4EB3-87AC-0A5BED2392BC}.Debug|Any CPU.ActiveCfg = Debug|Any CPU
		{4290605B-22D4-4EB3-87AC-0A5BED2392BC}.Debug|Any CPU.Build.0 = Debug|Any CPU
		{4290605B-22D4-4EB3-87AC-0A5BED2392BC}.Release|Any CPU.ActiveCfg = Release|Any CPU
		{4290605B-22D4-4EB3-87AC-0A5BED2392BC}.Release|Any CPU.Build.0 = Release|Any CPU
		{0500A995-FD71-45EA-998F-76A8BDA4793A}.Debug|Any CPU.ActiveCfg = Debug|Any CPU
		{0500A995-FD71-45EA-998F-76A8BDA4793A}.Debug|Any CPU.Build.0 = Debug|Any CPU
		{0500A995-FD71-45EA-998F-76A8BDA4793A}.Release|Any CPU.ActiveCfg = Release|Any CPU
		{0500A995-FD71-45EA-998F-76A8BDA4793A}.Release|Any CPU.Build.0 = Release|Any CPU
		{F037A2B9-0278-4D34-943D-58FD174094F5}.Debug|Any CPU.ActiveCfg = Debug|Any CPU
		{F037A2B9-0278-4D34-943D-58FD174094F5}.Debug|Any CPU.Build.0 = Debug|Any CPU
		{F037A2B9-0278-4D34-943D-58FD174094F5}.Release|Any CPU.ActiveCfg = Release|Any CPU
		{F037A2B9-0278-4D34-943D-58FD174094F5}.Release|Any CPU.Build.0 = Release|Any CPU
		{F16FCFD8-D20A-4BD5-96B3-761E29D7130F}.Debug|Any CPU.ActiveCfg = Debug|Any CPU
		{F16FCFD8-D20A-4BD5-96B3-761E29D7130F}.Debug|Any CPU.Build.0 = Debug|Any CPU
		{F16FCFD8-D20A-4BD5-96B3-761E29D7130F}.Release|Any CPU.ActiveCfg = Release|Any CPU
		{F16FCFD8-D20A-4BD5-96B3-761E29D7130F}.Release|Any CPU.Build.0 = Release|Any CPU
		{9FD332EE-56CD-49E9-9491-D118F9129B98}.Debug|Any CPU.ActiveCfg = Debug|Any CPU
		{9FD332EE-56CD-49E9-9491-D118F9129B98}.Debug|Any CPU.Build.0 = Debug|Any CPU
		{9FD332EE-56CD-49E9-9491-D118F9129B98}.Release|Any CPU.ActiveCfg = Release|Any CPU
		{9FD332EE-56CD-49E9-9491-D118F9129B98}.Release|Any CPU.Build.0 = Release|Any CPU
		{CBC495C1-5C7E-4E58-ADB0-AB7C916767C5}.Debug|Any CPU.ActiveCfg = Debug|Any CPU
		{CBC495C1-5C7E-4E58-ADB0-AB7C916767C5}.Debug|Any CPU.Build.0 = Debug|Any CPU
		{CBC495C1-5C7E-4E58-ADB0-AB7C916767C5}.Release|Any CPU.ActiveCfg = Release|Any CPU
		{CBC495C1-5C7E-4E58-ADB0-AB7C916767C5}.Release|Any CPU.Build.0 = Release|Any CPU
		{A9CB6B28-C02F-4B60-AE01-28280CA2A702}.Debug|Any CPU.ActiveCfg = Debug|Any CPU
		{A9CB6B28-C02F-4B60-AE01-28280CA2A702}.Debug|Any CPU.Build.0 = Debug|Any CPU
		{A9CB6B28-C02F-4B60-AE01-28280CA2A702}.Release|Any CPU.ActiveCfg = Release|Any CPU
		{A9CB6B28-C02F-4B60-AE01-28280CA2A702}.Release|Any CPU.Build.0 = Release|Any CPU
		{93DA33F2-7D95-4AE0-B16D-C71D92DF502A}.Debug|Any CPU.ActiveCfg = Debug|Any CPU
		{93DA33F2-7D95-4AE0-B16D-C71D92DF502A}.Debug|Any CPU.Build.0 = Debug|Any CPU
		{93DA33F2-7D95-4AE0-B16D-C71D92DF502A}.Release|Any CPU.ActiveCfg = Release|Any CPU
		{93DA33F2-7D95-4AE0-B16D-C71D92DF502A}.Release|Any CPU.Build.0 = Release|Any CPU
		{9E94B771-1E83-4856-9242-110866B3CD51}.Debug|Any CPU.ActiveCfg = Debug|Any CPU
		{9E94B771-1E83-4856-9242-110866B3CD51}.Debug|Any CPU.Build.0 = Debug|Any CPU
		{9E94B771-1E83-4856-9242-110866B3CD51}.Release|Any CPU.ActiveCfg = Release|Any CPU
		{9E94B771-1E83-4856-9242-110866B3CD51}.Release|Any CPU.Build.0 = Release|Any CPU
		{A51EB4FC-11C3-46FA-AADC-58A01863F083}.Debug|Any CPU.ActiveCfg = Debug|Any CPU
		{A51EB4FC-11C3-46FA-AADC-58A01863F083}.Debug|Any CPU.Build.0 = Debug|Any CPU
		{A51EB4FC-11C3-46FA-AADC-58A01863F083}.Release|Any CPU.ActiveCfg = Release|Any CPU
		{A51EB4FC-11C3-46FA-AADC-58A01863F083}.Release|Any CPU.Build.0 = Release|Any CPU
		{B19E5C66-B050-4F37-8FA7-7669AF96303A}.Debug|Any CPU.ActiveCfg = Debug|Any CPU
		{B19E5C66-B050-4F37-8FA7-7669AF96303A}.Debug|Any CPU.Build.0 = Debug|Any CPU
		{B19E5C66-B050-4F37-8FA7-7669AF96303A}.Release|Any CPU.ActiveCfg = Release|Any CPU
		{B19E5C66-B050-4F37-8FA7-7669AF96303A}.Release|Any CPU.Build.0 = Release|Any CPU
		{3BD4AD4D-A32D-4194-80D1-1E02AA02F82C}.Debug|Any CPU.ActiveCfg = Debug|Any CPU
		{3BD4AD4D-A32D-4194-80D1-1E02AA02F82C}.Debug|Any CPU.Build.0 = Debug|Any CPU
		{3BD4AD4D-A32D-4194-80D1-1E02AA02F82C}.Release|Any CPU.ActiveCfg = Release|Any CPU
		{3BD4AD4D-A32D-4194-80D1-1E02AA02F82C}.Release|Any CPU.Build.0 = Release|Any CPU
		{2CD412D2-C56B-4F51-B566-801F7E42F9AF}.Debug|Any CPU.ActiveCfg = Debug|Any CPU
		{2CD412D2-C56B-4F51-B566-801F7E42F9AF}.Debug|Any CPU.Build.0 = Debug|Any CPU
		{2CD412D2-C56B-4F51-B566-801F7E42F9AF}.Release|Any CPU.ActiveCfg = Release|Any CPU
		{2CD412D2-C56B-4F51-B566-801F7E42F9AF}.Release|Any CPU.Build.0 = Release|Any CPU
		{FF6D9525-FC9D-4DDE-BE54-CADB16E47F16}.Debug|Any CPU.ActiveCfg = Debug|Any CPU
		{FF6D9525-FC9D-4DDE-BE54-CADB16E47F16}.Debug|Any CPU.Build.0 = Debug|Any CPU
		{FF6D9525-FC9D-4DDE-BE54-CADB16E47F16}.Release|Any CPU.ActiveCfg = Release|Any CPU
		{FF6D9525-FC9D-4DDE-BE54-CADB16E47F16}.Release|Any CPU.Build.0 = Release|Any CPU
		{2BFDA3D4-D5F1-4FFF-83D7-CBFA286B8A15}.Debug|Any CPU.ActiveCfg = Debug|Any CPU
		{2BFDA3D4-D5F1-4FFF-83D7-CBFA286B8A15}.Debug|Any CPU.Build.0 = Debug|Any CPU
		{2BFDA3D4-D5F1-4FFF-83D7-CBFA286B8A15}.Release|Any CPU.ActiveCfg = Release|Any CPU
		{2BFDA3D4-D5F1-4FFF-83D7-CBFA286B8A15}.Release|Any CPU.Build.0 = Release|Any CPU
		{A7D0F2B9-2E51-4FDF-A20A-99842DE0E57B}.Debug|Any CPU.ActiveCfg = Debug|Any CPU
		{A7D0F2B9-2E51-4FDF-A20A-99842DE0E57B}.Debug|Any CPU.Build.0 = Debug|Any CPU
		{A7D0F2B9-2E51-4FDF-A20A-99842DE0E57B}.Release|Any CPU.ActiveCfg = Release|Any CPU
		{A7D0F2B9-2E51-4FDF-A20A-99842DE0E57B}.Release|Any CPU.Build.0 = Release|Any CPU
		{11A83563-10D8-4BB1-8FE5-7F18A8BBCAB7}.Debug|Any CPU.ActiveCfg = Debug|Any CPU
		{11A83563-10D8-4BB1-8FE5-7F18A8BBCAB7}.Debug|Any CPU.Build.0 = Debug|Any CPU
		{11A83563-10D8-4BB1-8FE5-7F18A8BBCAB7}.Release|Any CPU.ActiveCfg = Release|Any CPU
		{11A83563-10D8-4BB1-8FE5-7F18A8BBCAB7}.Release|Any CPU.Build.0 = Release|Any CPU
		{1A6C4BC1-C146-4BA1-AE3C-6E9EA1193572}.Debug|Any CPU.ActiveCfg = Debug|Any CPU
		{1A6C4BC1-C146-4BA1-AE3C-6E9EA1193572}.Debug|Any CPU.Build.0 = Debug|Any CPU
		{1A6C4BC1-C146-4BA1-AE3C-6E9EA1193572}.Release|Any CPU.ActiveCfg = Release|Any CPU
		{1A6C4BC1-C146-4BA1-AE3C-6E9EA1193572}.Release|Any CPU.Build.0 = Release|Any CPU
		{706FFE53-25DF-483A-B391-C813D1E56DDD}.Debug|Any CPU.ActiveCfg = Debug|Any CPU
		{706FFE53-25DF-483A-B391-C813D1E56DDD}.Debug|Any CPU.Build.0 = Debug|Any CPU
		{706FFE53-25DF-483A-B391-C813D1E56DDD}.Release|Any CPU.ActiveCfg = Release|Any CPU
		{706FFE53-25DF-483A-B391-C813D1E56DDD}.Release|Any CPU.Build.0 = Release|Any CPU
		{84A46B6C-2018-43B9-B964-E00A297A4A63}.Debug|Any CPU.ActiveCfg = Debug|Any CPU
		{84A46B6C-2018-43B9-B964-E00A297A4A63}.Debug|Any CPU.Build.0 = Debug|Any CPU
		{84A46B6C-2018-43B9-B964-E00A297A4A63}.Release|Any CPU.ActiveCfg = Release|Any CPU
		{84A46B6C-2018-43B9-B964-E00A297A4A63}.Release|Any CPU.Build.0 = Release|Any CPU
		{40D442ED-F053-454C-A673-F5ED5D420864}.Debug|Any CPU.ActiveCfg = Debug|Any CPU
		{40D442ED-F053-454C-A673-F5ED5D420864}.Debug|Any CPU.Build.0 = Debug|Any CPU
		{40D442ED-F053-454C-A673-F5ED5D420864}.Release|Any CPU.ActiveCfg = Release|Any CPU
		{40D442ED-F053-454C-A673-F5ED5D420864}.Release|Any CPU.Build.0 = Release|Any CPU
		{393125CD-D3BD-4934-A15F-001E833262ED}.Debug|Any CPU.ActiveCfg = Debug|Any CPU
		{393125CD-D3BD-4934-A15F-001E833262ED}.Debug|Any CPU.Build.0 = Debug|Any CPU
		{393125CD-D3BD-4934-A15F-001E833262ED}.Release|Any CPU.ActiveCfg = Release|Any CPU
		{393125CD-D3BD-4934-A15F-001E833262ED}.Release|Any CPU.Build.0 = Release|Any CPU
		{0712C421-76C0-4B9B-BE62-B358E3F71522}.Debug|Any CPU.ActiveCfg = Debug|Any CPU
		{0712C421-76C0-4B9B-BE62-B358E3F71522}.Debug|Any CPU.Build.0 = Debug|Any CPU
		{0712C421-76C0-4B9B-BE62-B358E3F71522}.Release|Any CPU.ActiveCfg = Release|Any CPU
		{0712C421-76C0-4B9B-BE62-B358E3F71522}.Release|Any CPU.Build.0 = Release|Any CPU
		{9AC8E986-1798-4543-8FE8-24933C8FDC38}.Debug|Any CPU.ActiveCfg = Debug|Any CPU
		{9AC8E986-1798-4543-8FE8-24933C8FDC38}.Debug|Any CPU.Build.0 = Debug|Any CPU
		{9AC8E986-1798-4543-8FE8-24933C8FDC38}.Release|Any CPU.ActiveCfg = Release|Any CPU
		{9AC8E986-1798-4543-8FE8-24933C8FDC38}.Release|Any CPU.Build.0 = Release|Any CPU
		{9A23F07F-8F34-4C11-9130-604E08AA6AF6}.Debug|Any CPU.ActiveCfg = Debug|Any CPU
		{9A23F07F-8F34-4C11-9130-604E08AA6AF6}.Debug|Any CPU.Build.0 = Debug|Any CPU
		{9A23F07F-8F34-4C11-9130-604E08AA6AF6}.Release|Any CPU.ActiveCfg = Release|Any CPU
		{9A23F07F-8F34-4C11-9130-604E08AA6AF6}.Release|Any CPU.Build.0 = Release|Any CPU
		{930C059D-B69D-4C6D-9C2C-06AF585EB6FE}.Debug|Any CPU.ActiveCfg = Debug|Any CPU
		{930C059D-B69D-4C6D-9C2C-06AF585EB6FE}.Debug|Any CPU.Build.0 = Debug|Any CPU
		{930C059D-B69D-4C6D-9C2C-06AF585EB6FE}.Release|Any CPU.ActiveCfg = Release|Any CPU
		{930C059D-B69D-4C6D-9C2C-06AF585EB6FE}.Release|Any CPU.Build.0 = Release|Any CPU
		{CA9C84AB-062C-471A-92F5-CE082EDDEC45}.Debug|Any CPU.ActiveCfg = Debug|Any CPU
		{CA9C84AB-062C-471A-92F5-CE082EDDEC45}.Debug|Any CPU.Build.0 = Debug|Any CPU
		{CA9C84AB-062C-471A-92F5-CE082EDDEC45}.Release|Any CPU.ActiveCfg = Release|Any CPU
		{CA9C84AB-062C-471A-92F5-CE082EDDEC45}.Release|Any CPU.Build.0 = Release|Any CPU
		{B0E7DD1A-154E-4D7B-8E5C-84783C650503}.Debug|Any CPU.ActiveCfg = Debug|Any CPU
		{B0E7DD1A-154E-4D7B-8E5C-84783C650503}.Debug|Any CPU.Build.0 = Debug|Any CPU
		{B0E7DD1A-154E-4D7B-8E5C-84783C650503}.Release|Any CPU.ActiveCfg = Release|Any CPU
		{B0E7DD1A-154E-4D7B-8E5C-84783C650503}.Release|Any CPU.Build.0 = Release|Any CPU
		{C8AE4DB9-4E57-46E8-8243-8E5D86F82155}.Debug|Any CPU.ActiveCfg = Debug|Any CPU
		{C8AE4DB9-4E57-46E8-8243-8E5D86F82155}.Debug|Any CPU.Build.0 = Debug|Any CPU
		{C8AE4DB9-4E57-46E8-8243-8E5D86F82155}.Release|Any CPU.ActiveCfg = Release|Any CPU
		{C8AE4DB9-4E57-46E8-8243-8E5D86F82155}.Release|Any CPU.Build.0 = Release|Any CPU
		{B4617716-3AE9-4956-AA96-806CACF2580F}.Debug|Any CPU.ActiveCfg = Debug|Any CPU
		{B4617716-3AE9-4956-AA96-806CACF2580F}.Debug|Any CPU.Build.0 = Debug|Any CPU
		{B4617716-3AE9-4956-AA96-806CACF2580F}.Release|Any CPU.ActiveCfg = Release|Any CPU
		{B4617716-3AE9-4956-AA96-806CACF2580F}.Release|Any CPU.Build.0 = Release|Any CPU
		{9B8FCD2F-2A20-4EF2-8A37-F3A590B21404}.Debug|Any CPU.ActiveCfg = Debug|Any CPU
		{9B8FCD2F-2A20-4EF2-8A37-F3A590B21404}.Debug|Any CPU.Build.0 = Debug|Any CPU
		{9B8FCD2F-2A20-4EF2-8A37-F3A590B21404}.Release|Any CPU.ActiveCfg = Release|Any CPU
		{9B8FCD2F-2A20-4EF2-8A37-F3A590B21404}.Release|Any CPU.Build.0 = Release|Any CPU
		{E87E401B-2A1E-4388-8F84-6747D57A6D78}.Debug|Any CPU.ActiveCfg = Debug|Any CPU
		{E87E401B-2A1E-4388-8F84-6747D57A6D78}.Debug|Any CPU.Build.0 = Debug|Any CPU
		{E87E401B-2A1E-4388-8F84-6747D57A6D78}.Release|Any CPU.ActiveCfg = Release|Any CPU
		{E87E401B-2A1E-4388-8F84-6747D57A6D78}.Release|Any CPU.Build.0 = Release|Any CPU
		{1E54E41B-AFB0-4452-9E45-B2E62A4ECF22}.Debug|Any CPU.ActiveCfg = Debug|Any CPU
		{1E54E41B-AFB0-4452-9E45-B2E62A4ECF22}.Debug|Any CPU.Build.0 = Debug|Any CPU
		{1E54E41B-AFB0-4452-9E45-B2E62A4ECF22}.Release|Any CPU.ActiveCfg = Release|Any CPU
		{1E54E41B-AFB0-4452-9E45-B2E62A4ECF22}.Release|Any CPU.Build.0 = Release|Any CPU
		{00623BC2-18F1-41FF-BEB6-B9BAB576E95C}.Debug|Any CPU.ActiveCfg = Debug|Any CPU
		{00623BC2-18F1-41FF-BEB6-B9BAB576E95C}.Debug|Any CPU.Build.0 = Debug|Any CPU
		{00623BC2-18F1-41FF-BEB6-B9BAB576E95C}.Release|Any CPU.ActiveCfg = Release|Any CPU
		{00623BC2-18F1-41FF-BEB6-B9BAB576E95C}.Release|Any CPU.Build.0 = Release|Any CPU
		{4A74028B-4680-4B1A-9CC6-FD0C12650A70}.Debug|Any CPU.ActiveCfg = Debug|Any CPU
		{4A74028B-4680-4B1A-9CC6-FD0C12650A70}.Debug|Any CPU.Build.0 = Debug|Any CPU
		{4A74028B-4680-4B1A-9CC6-FD0C12650A70}.Release|Any CPU.ActiveCfg = Release|Any CPU
		{4A74028B-4680-4B1A-9CC6-FD0C12650A70}.Release|Any CPU.Build.0 = Release|Any CPU
		{23E81414-653F-4FA1-988E-6E0DB582AFD7}.Debug|Any CPU.ActiveCfg = Debug|Any CPU
		{23E81414-653F-4FA1-988E-6E0DB582AFD7}.Debug|Any CPU.Build.0 = Debug|Any CPU
		{23E81414-653F-4FA1-988E-6E0DB582AFD7}.Release|Any CPU.ActiveCfg = Release|Any CPU
		{23E81414-653F-4FA1-988E-6E0DB582AFD7}.Release|Any CPU.Build.0 = Release|Any CPU
		{79C3B9C1-2BEF-41C9-8F69-9D18CA3E21AC}.Debug|Any CPU.ActiveCfg = Debug|Any CPU
		{79C3B9C1-2BEF-41C9-8F69-9D18CA3E21AC}.Debug|Any CPU.Build.0 = Debug|Any CPU
		{79C3B9C1-2BEF-41C9-8F69-9D18CA3E21AC}.Release|Any CPU.ActiveCfg = Release|Any CPU
		{79C3B9C1-2BEF-41C9-8F69-9D18CA3E21AC}.Release|Any CPU.Build.0 = Release|Any CPU
		{A6EB9205-F57F-4B8A-A61A-A6D7522D742E}.Debug|Any CPU.ActiveCfg = Debug|Any CPU
		{A6EB9205-F57F-4B8A-A61A-A6D7522D742E}.Debug|Any CPU.Build.0 = Debug|Any CPU
		{A6EB9205-F57F-4B8A-A61A-A6D7522D742E}.Release|Any CPU.ActiveCfg = Release|Any CPU
		{A6EB9205-F57F-4B8A-A61A-A6D7522D742E}.Release|Any CPU.Build.0 = Release|Any CPU
		{B339445E-F998-4CC6-B034-C8FB8B708A68}.Debug|Any CPU.ActiveCfg = Debug|Any CPU
		{B339445E-F998-4CC6-B034-C8FB8B708A68}.Debug|Any CPU.Build.0 = Debug|Any CPU
		{B339445E-F998-4CC6-B034-C8FB8B708A68}.Release|Any CPU.ActiveCfg = Release|Any CPU
		{B339445E-F998-4CC6-B034-C8FB8B708A68}.Release|Any CPU.Build.0 = Release|Any CPU
		{3C15485E-D5B2-4ED1-BAF8-E5EFB173BC7B}.Debug|Any CPU.ActiveCfg = Debug|Any CPU
		{3C15485E-D5B2-4ED1-BAF8-E5EFB173BC7B}.Debug|Any CPU.Build.0 = Debug|Any CPU
		{3C15485E-D5B2-4ED1-BAF8-E5EFB173BC7B}.Release|Any CPU.ActiveCfg = Release|Any CPU
		{3C15485E-D5B2-4ED1-BAF8-E5EFB173BC7B}.Release|Any CPU.Build.0 = Release|Any CPU
		{D56473E7-88E6-46BC-ADB8-CA76904C565B}.Debug|Any CPU.ActiveCfg = Debug|Any CPU
		{D56473E7-88E6-46BC-ADB8-CA76904C565B}.Debug|Any CPU.Build.0 = Debug|Any CPU
		{D56473E7-88E6-46BC-ADB8-CA76904C565B}.Release|Any CPU.ActiveCfg = Release|Any CPU
		{D56473E7-88E6-46BC-ADB8-CA76904C565B}.Release|Any CPU.Build.0 = Release|Any CPU
		{969F28FC-33AB-4312-A433-D58CD568B0B0}.Debug|Any CPU.ActiveCfg = Debug|Any CPU
		{969F28FC-33AB-4312-A433-D58CD568B0B0}.Debug|Any CPU.Build.0 = Debug|Any CPU
		{969F28FC-33AB-4312-A433-D58CD568B0B0}.Release|Any CPU.ActiveCfg = Release|Any CPU
		{969F28FC-33AB-4312-A433-D58CD568B0B0}.Release|Any CPU.Build.0 = Release|Any CPU
		{822B6EB7-3A40-4CD1-AC8E-3CFD1FF6E23B}.Debug|Any CPU.ActiveCfg = Debug|Any CPU
		{822B6EB7-3A40-4CD1-AC8E-3CFD1FF6E23B}.Debug|Any CPU.Build.0 = Debug|Any CPU
		{822B6EB7-3A40-4CD1-AC8E-3CFD1FF6E23B}.Release|Any CPU.ActiveCfg = Release|Any CPU
		{822B6EB7-3A40-4CD1-AC8E-3CFD1FF6E23B}.Release|Any CPU.Build.0 = Release|Any CPU
		{362E8AB5-51B2-47D7-839B-89BB99909985}.Debug|Any CPU.ActiveCfg = Debug|Any CPU
		{362E8AB5-51B2-47D7-839B-89BB99909985}.Debug|Any CPU.Build.0 = Debug|Any CPU
		{362E8AB5-51B2-47D7-839B-89BB99909985}.Release|Any CPU.ActiveCfg = Release|Any CPU
		{362E8AB5-51B2-47D7-839B-89BB99909985}.Release|Any CPU.Build.0 = Release|Any CPU
		{850DCDFB-55F2-45E5-9B18-061EBE542E4F}.Debug|Any CPU.ActiveCfg = Debug|Any CPU
		{850DCDFB-55F2-45E5-9B18-061EBE542E4F}.Debug|Any CPU.Build.0 = Debug|Any CPU
		{850DCDFB-55F2-45E5-9B18-061EBE542E4F}.Release|Any CPU.ActiveCfg = Release|Any CPU
		{850DCDFB-55F2-45E5-9B18-061EBE542E4F}.Release|Any CPU.Build.0 = Release|Any CPU
		{BEE0834A-C985-41A0-84A0-D2A09B5FDC4B}.Debug|Any CPU.ActiveCfg = Debug|Any CPU
		{BEE0834A-C985-41A0-84A0-D2A09B5FDC4B}.Debug|Any CPU.Build.0 = Debug|Any CPU
		{BEE0834A-C985-41A0-84A0-D2A09B5FDC4B}.Release|Any CPU.ActiveCfg = Release|Any CPU
		{BEE0834A-C985-41A0-84A0-D2A09B5FDC4B}.Release|Any CPU.Build.0 = Release|Any CPU
		{EC24A1E5-B115-41EC-AD5D-873B3DA4B113}.Debug|Any CPU.ActiveCfg = Debug|Any CPU
		{EC24A1E5-B115-41EC-AD5D-873B3DA4B113}.Debug|Any CPU.Build.0 = Debug|Any CPU
		{EC24A1E5-B115-41EC-AD5D-873B3DA4B113}.Release|Any CPU.ActiveCfg = Release|Any CPU
		{EC24A1E5-B115-41EC-AD5D-873B3DA4B113}.Release|Any CPU.Build.0 = Release|Any CPU
	EndGlobalSection
	GlobalSection(SolutionProperties) = preSolution
		HideSolutionNode = FALSE
	EndGlobalSection
	GlobalSection(NestedProjects) = preSolution
		{DAB57057-8B03-4773-9585-05EB372CFE01} = {71CED4C9-41E8-4C7E-9F1C-43BE66978DE7}
		{D6D66009-CB5A-476B-BB70-75CBE45AA9DD} = {71CED4C9-41E8-4C7E-9F1C-43BE66978DE7}
		{C7B672F9-AFDF-4C9E-B4C4-C89EADA24241} = {71CED4C9-41E8-4C7E-9F1C-43BE66978DE7}
		{CA3FA4BC-88DE-46A6-9B52-070391F39658} = {71CED4C9-41E8-4C7E-9F1C-43BE66978DE7}
		{FDB16EAE-B0EE-437C-A653-B950EC145C82} = {71CED4C9-41E8-4C7E-9F1C-43BE66978DE7}
		{94FF05A5-811A-454A-9C75-F300A908C563} = {71CED4C9-41E8-4C7E-9F1C-43BE66978DE7}
		{DD82FE54-7306-443C-9FD3-3A01C61F6141} = {71CED4C9-41E8-4C7E-9F1C-43BE66978DE7}
		{96FB16BC-DABA-406A-8F50-905AA0648ACE} = {71CED4C9-41E8-4C7E-9F1C-43BE66978DE7}
		{B9FC0508-F41E-4D44-893C-7D63EB278009} = {71CED4C9-41E8-4C7E-9F1C-43BE66978DE7}
		{91EDBD74-EA80-49BA-AE47-9A5A2A7FE0BE} = {33A0B215-5BD2-4173-BC58-B6CF2303E128}
		{2DAEB3AD-FBD4-4645-8856-2DA49A540A48} = {33A0B215-5BD2-4173-BC58-B6CF2303E128}
		{7C9C083A-B121-42A6-9656-F75C9BD21B1E} = {93AD1AC1-E29C-4F25-BFD3-09D34789319E}
		{F8C55C4B-6E0C-4868-853D-4AF1E0B5AAE0} = {05932FE0-0094-45A3-97F4-FA0C93AFA3B5}
		{E12EDE6A-B3A1-43DB-AB5A-282F1994D4B2} = {05932FE0-0094-45A3-97F4-FA0C93AFA3B5}
		{3AE9AEB9-B2E7-4A19-884E-127138749AFB} = {05932FE0-0094-45A3-97F4-FA0C93AFA3B5}
		{E8EA0F3A-43B2-496B-8D65-1B7C9424B8F9} = {05932FE0-0094-45A3-97F4-FA0C93AFA3B5}
		{0EE30647-4915-45A6-A30F-55421373B4AB} = {05932FE0-0094-45A3-97F4-FA0C93AFA3B5}
		{9ACD30AB-55E0-42A5-91A8-AD648C5429F0} = {05932FE0-0094-45A3-97F4-FA0C93AFA3B5}
		{16DA0BA4-538C-4FD9-B905-198058CC8DA2} = {05932FE0-0094-45A3-97F4-FA0C93AFA3B5}
		{8F4DC794-6646-4687-A440-87ACE58E3236} = {05932FE0-0094-45A3-97F4-FA0C93AFA3B5}
		{20DA8972-DE27-4156-B100-A583DFDE44DF} = {05932FE0-0094-45A3-97F4-FA0C93AFA3B5}
		{2A7A42D5-42E8-4DED-B4F4-20D4EBAD20E2} = {41853955-52E5-4FDE-A4FC-00E2CA2D3D5A}
		{4290605B-22D4-4EB3-87AC-0A5BED2392BC} = {41853955-52E5-4FDE-A4FC-00E2CA2D3D5A}
		{0500A995-FD71-45EA-998F-76A8BDA4793A} = {41853955-52E5-4FDE-A4FC-00E2CA2D3D5A}
		{F037A2B9-0278-4D34-943D-58FD174094F5} = {41853955-52E5-4FDE-A4FC-00E2CA2D3D5A}
		{F16FCFD8-D20A-4BD5-96B3-761E29D7130F} = {41853955-52E5-4FDE-A4FC-00E2CA2D3D5A}
		{9FD332EE-56CD-49E9-9491-D118F9129B98} = {41853955-52E5-4FDE-A4FC-00E2CA2D3D5A}
		{CBC495C1-5C7E-4E58-ADB0-AB7C916767C5} = {41853955-52E5-4FDE-A4FC-00E2CA2D3D5A}
		{A9CB6B28-C02F-4B60-AE01-28280CA2A702} = {41853955-52E5-4FDE-A4FC-00E2CA2D3D5A}
		{93DA33F2-7D95-4AE0-B16D-C71D92DF502A} = {530AD71E-D1AA-4E55-A69B-D2EE0F5BC142}
		{9E94B771-1E83-4856-9242-110866B3CD51} = {530AD71E-D1AA-4E55-A69B-D2EE0F5BC142}
		{A51EB4FC-11C3-46FA-AADC-58A01863F083} = {530AD71E-D1AA-4E55-A69B-D2EE0F5BC142}
		{B19E5C66-B050-4F37-8FA7-7669AF96303A} = {530AD71E-D1AA-4E55-A69B-D2EE0F5BC142}
		{3BD4AD4D-A32D-4194-80D1-1E02AA02F82C} = {530AD71E-D1AA-4E55-A69B-D2EE0F5BC142}
		{2CD412D2-C56B-4F51-B566-801F7E42F9AF} = {530AD71E-D1AA-4E55-A69B-D2EE0F5BC142}
		{FF6D9525-FC9D-4DDE-BE54-CADB16E47F16} = {530AD71E-D1AA-4E55-A69B-D2EE0F5BC142}
		{2BFDA3D4-D5F1-4FFF-83D7-CBFA286B8A15} = {530AD71E-D1AA-4E55-A69B-D2EE0F5BC142}
		{A7D0F2B9-2E51-4FDF-A20A-99842DE0E57B} = {2354CDC1-17AA-45CE-AAB7-4BFDDB451930}
		{11A83563-10D8-4BB1-8FE5-7F18A8BBCAB7} = {2354CDC1-17AA-45CE-AAB7-4BFDDB451930}
		{1A6C4BC1-C146-4BA1-AE3C-6E9EA1193572} = {2354CDC1-17AA-45CE-AAB7-4BFDDB451930}
		{706FFE53-25DF-483A-B391-C813D1E56DDD} = {2354CDC1-17AA-45CE-AAB7-4BFDDB451930}
		{84A46B6C-2018-43B9-B964-E00A297A4A63} = {2354CDC1-17AA-45CE-AAB7-4BFDDB451930}
		{40D442ED-F053-454C-A673-F5ED5D420864} = {2354CDC1-17AA-45CE-AAB7-4BFDDB451930}
		{393125CD-D3BD-4934-A15F-001E833262ED} = {2354CDC1-17AA-45CE-AAB7-4BFDDB451930}
		{0712C421-76C0-4B9B-BE62-B358E3F71522} = {91DC3C60-D789-42A0-9C5A-7655B00BAFC4}
		{9AC8E986-1798-4543-8FE8-24933C8FDC38} = {91DC3C60-D789-42A0-9C5A-7655B00BAFC4}
		{9A23F07F-8F34-4C11-9130-604E08AA6AF6} = {91DC3C60-D789-42A0-9C5A-7655B00BAFC4}
		{930C059D-B69D-4C6D-9C2C-06AF585EB6FE} = {91DC3C60-D789-42A0-9C5A-7655B00BAFC4}
		{CA9C84AB-062C-471A-92F5-CE082EDDEC45} = {91DC3C60-D789-42A0-9C5A-7655B00BAFC4}
		{B0E7DD1A-154E-4D7B-8E5C-84783C650503} = {91DC3C60-D789-42A0-9C5A-7655B00BAFC4}
		{C8AE4DB9-4E57-46E8-8243-8E5D86F82155} = {91DC3C60-D789-42A0-9C5A-7655B00BAFC4}
		{B4617716-3AE9-4956-AA96-806CACF2580F} = {F06D1F6F-83C7-4663-9C8A-071C2197D6F5}
		{9B8FCD2F-2A20-4EF2-8A37-F3A590B21404} = {F06D1F6F-83C7-4663-9C8A-071C2197D6F5}
		{E87E401B-2A1E-4388-8F84-6747D57A6D78} = {F06D1F6F-83C7-4663-9C8A-071C2197D6F5}
		{1E54E41B-AFB0-4452-9E45-B2E62A4ECF22} = {F06D1F6F-83C7-4663-9C8A-071C2197D6F5}
		{00623BC2-18F1-41FF-BEB6-B9BAB576E95C} = {F06D1F6F-83C7-4663-9C8A-071C2197D6F5}
		{4A74028B-4680-4B1A-9CC6-FD0C12650A70} = {F06D1F6F-83C7-4663-9C8A-071C2197D6F5}
		{23E81414-653F-4FA1-988E-6E0DB582AFD7} = {94ECD0AD-A1E5-45E6-AD1B-13D6387627C4}
		{79C3B9C1-2BEF-41C9-8F69-9D18CA3E21AC} = {94ECD0AD-A1E5-45E6-AD1B-13D6387627C4}
		{A6EB9205-F57F-4B8A-A61A-A6D7522D742E} = {94ECD0AD-A1E5-45E6-AD1B-13D6387627C4}
		{B339445E-F998-4CC6-B034-C8FB8B708A68} = {94ECD0AD-A1E5-45E6-AD1B-13D6387627C4}
		{3C15485E-D5B2-4ED1-BAF8-E5EFB173BC7B} = {94ECD0AD-A1E5-45E6-AD1B-13D6387627C4}
		{D56473E7-88E6-46BC-ADB8-CA76904C565B} = {94ECD0AD-A1E5-45E6-AD1B-13D6387627C4}
		{969F28FC-33AB-4312-A433-D58CD568B0B0} = {316DD685-40F7-4C77-B3F5-EC11E8CF13E7}
		{822B6EB7-3A40-4CD1-AC8E-3CFD1FF6E23B} = {316DD685-40F7-4C77-B3F5-EC11E8CF13E7}
		{362E8AB5-51B2-47D7-839B-89BB99909985} = {316DD685-40F7-4C77-B3F5-EC11E8CF13E7}
		{850DCDFB-55F2-45E5-9B18-061EBE542E4F} = {316DD685-40F7-4C77-B3F5-EC11E8CF13E7}
		{BEE0834A-C985-41A0-84A0-D2A09B5FDC4B} = {316DD685-40F7-4C77-B3F5-EC11E8CF13E7}
		{EC24A1E5-B115-41EC-AD5D-873B3DA4B113} = {316DD685-40F7-4C77-B3F5-EC11E8CF13E7}
	EndGlobalSection
	GlobalSection(ExtensibilityGlobals) = postSolution
		SolutionGuid = {74C02DB6-08EB-4C9A-9C7C-EA6B24911133}
	EndGlobalSection
EndGlobal
